
Microsoft Visual Studio Solution File, Format Version 12.00
# Visual Studio Version 17
VisualStudioVersion = 17.3.32811.315
MinimumVisualStudioVersion = 10.0.40219.1
Project("{9A19103F-16F7-4668-BE54-9A1E7A4F7556}") = "Step", "Step\Step.csproj", "{F4849E95-8B60-4DD5-A2B6-8DA7ED8CBE73}"
EndProject
Project("{9A19103F-16F7-4668-BE54-9A1E7A4F7556}") = "Tests", "Tests\Tests.csproj", "{B3D909FB-264A-47B0-8DA8-065F2087F8C2}"
EndProject
Project("{FAE04EC0-301F-11D3-BF4B-00C04F79EFBC}") = "Repl", "Repl\Repl.csproj", "{911E023E-F8FC-44ED-9B8A-5B7B73CE59D5}"
EndProject
Project("{FAE04EC0-301F-11D3-BF4B-00C04F79EFBC}") = "AvaloniaRepl", "AvaloniaRepl\AvaloniaRepl.csproj", "{835D169B-F82A-47C1-8EFF-441DA3EBFC5E}"
EndProject
Global
	GlobalSection(SolutionConfigurationPlatforms) = preSolution
		Debug|Any CPU = Debug|Any CPU
		Release|Any CPU = Release|Any CPU
	EndGlobalSection
	GlobalSection(ProjectConfigurationPlatforms) = postSolution
		{F4849E95-8B60-4DD5-A2B6-8DA7ED8CBE73}.Debug|Any CPU.ActiveCfg = Debug|Any CPU
		{F4849E95-8B60-4DD5-A2B6-8DA7ED8CBE73}.Debug|Any CPU.Build.0 = Debug|Any CPU
		{F4849E95-8B60-4DD5-A2B6-8DA7ED8CBE73}.Release|Any CPU.ActiveCfg = Release|Any CPU
		{F4849E95-8B60-4DD5-A2B6-8DA7ED8CBE73}.Release|Any CPU.Build.0 = Release|Any CPU
		{B3D909FB-264A-47B0-8DA8-065F2087F8C2}.Debug|Any CPU.ActiveCfg = Debug|Any CPU
		{B3D909FB-264A-47B0-8DA8-065F2087F8C2}.Debug|Any CPU.Build.0 = Debug|Any CPU
		{B3D909FB-264A-47B0-8DA8-065F2087F8C2}.Release|Any CPU.ActiveCfg = Release|Any CPU
		{B3D909FB-264A-47B0-8DA8-065F2087F8C2}.Release|Any CPU.Build.0 = Release|Any CPU
		{911E023E-F8FC-44ED-9B8A-5B7B73CE59D5}.Debug|Any CPU.ActiveCfg = Debug|Any CPU
		{911E023E-F8FC-44ED-9B8A-5B7B73CE59D5}.Release|Any CPU.ActiveCfg = Release|Any CPU
		{911E023E-F8FC-44ED-9B8A-5B7B73CE59D5}.Release|Any CPU.Build.0 = Release|Any CPU
		{911E023E-F8FC-44ED-9B8A-5B7B73CE59D5}.Release|Any CPU.Deploy.0 = Release|Any CPU
		{835D169B-F82A-47C1-8EFF-441DA3EBFC5E}.Debug|Any CPU.ActiveCfg = Debug|Any CPU
		{835D169B-F82A-47C1-8EFF-441DA3EBFC5E}.Debug|Any CPU.Build.0 = Debug|Any CPU
		{835D169B-F82A-47C1-8EFF-441DA3EBFC5E}.Release|Any CPU.ActiveCfg = Release|Any CPU
		{835D169B-F82A-47C1-8EFF-441DA3EBFC5E}.Release|Any CPU.Build.0 = Release|Any CPU
		{835D169B-F82A-47C1-8EFF-441DA3EBFC5E}.Debug|Any CPU.Deploy.0 = Debug|Any CPU
	EndGlobalSection
	GlobalSection(SolutionProperties) = preSolution
		HideSolutionNode = FALSE
	EndGlobalSection
	GlobalSection(ExtensibilityGlobals) = postSolution
		SolutionGuid = {757C4848-2C99-47CB-A1A5-F1D20C7A8EC0}
	EndGlobalSection
EndGlobal
