Microsoft Visual Studio Solution File, Format Version 12.00
# Visual Studio Version 17
VisualStudioVersion = 17.5.2.0
MinimumVisualStudioVersion = 10.0.40219.1
Project("{FAE04EC0-301F-11D3-BF4B-00C04F79EFBC}") = "StepRepl", "StepRepl.csproj", "{74CDA305-D535-78F3-D24D-894E1ABAC9B6}"
EndProject
Global
	GlobalSection(SolutionConfigurationPlatforms) = preSolution
		Debug|Any CPU = Debug|Any CPU
		Release|Any CPU = Release|Any CPU
	EndGlobalSection
	GlobalSection(ProjectConfigurationPlatforms) = postSolution
		{74CDA305-D535-78F3-D24D-894E1ABAC9B6}.Debug|Any CPU.ActiveCfg = Debug|Any CPU
		{74CDA305-D535-78F3-D24D-894E1ABAC9B6}.Debug|Any CPU.Build.0 = Debug|Any CPU
		{74CDA305-D535-78F3-D24D-894E1ABAC9B6}.Release|Any CPU.ActiveCfg = Release|Any CPU
		{74CDA305-D535-78F3-D24D-894E1ABAC9B6}.Release|Any CPU.Build.0 = Release|Any CPU
	EndGlobalSection
	GlobalSection(SolutionProperties) = preSolution
		HideSolutionNode = FALSE
	EndGlobalSection
	GlobalSection(ExtensibilityGlobals) = postSolution
		SolutionGuid = {0A157619-EF4B-4236-9CBA-C7F7F9791C5B}
	EndGlobalSection
EndGlobal
