Microsoft Visual Studio Solution File, Format Version 12.00
# Visual Studio Version 17
VisualStudioVersion = 17.5.2.0
MinimumVisualStudioVersion = 10.0.40219.1
Project("{FAE04EC0-301F-11D3-BF4B-00C04F79EFBC}") = "StepWasmStandalone", "StepWasmStandalone.csproj", "{ABA6D11D-C891-0551-5FD2-87DDEE51F24F}"
EndProject
Global
	GlobalSection(SolutionConfigurationPlatforms) = preSolution
		Debug|Any CPU = Debug|Any CPU
		Release|Any CPU = Release|Any CPU
	EndGlobalSection
	GlobalSection(ProjectConfigurationPlatforms) = postSolution
		{ABA6D11D-C891-0551-5FD2-87DDEE51F24F}.Debug|Any CPU.ActiveCfg = Debug|Any CPU
		{ABA6D11D-C891-0551-5FD2-87DDEE51F24F}.Debug|Any CPU.Build.0 = Debug|Any CPU
		{ABA6D11D-C891-0551-5FD2-87DDEE51F24F}.Release|Any CPU.ActiveCfg = Release|Any CPU
		{ABA6D11D-C891-0551-5FD2-87DDEE51F24F}.Release|Any CPU.Build.0 = Release|Any CPU
	EndGlobalSection
	GlobalSection(SolutionProperties) = preSolution
		HideSolutionNode = FALSE
	EndGlobalSection
	GlobalSection(ExtensibilityGlobals) = postSolution
		SolutionGuid = {C0C7A1CF-9C6C-4CC5-9204-B12EA9B4FD4B}
	EndGlobalSection
EndGlobal
